id: radio_astro_ra_vmedian
label: ra_vmedian
category: '[radio_astro]'

templates:
  imports: from gnuradio import radio_astro
  make: radio_astro.ra_vmedian(${vlen}, ${decimate})
  callbacks:
    - set_decimate(${decimate})
#  Make one 'parameters' list entry for every parameter you want settable from the GUI.
#     Keys include:
#     * id (makes the value accessible as \$keyname, e.g. in the make entry)
#     * label (label shown in the GUI)
#     * dtype (e.g. int, float, complex, byte, short, xxx_vector, ...)
parameters:
- id: decimate
  label: Vec Median
  dtype: int
  default: '4'
- id: vlen
  label: Vec Length
  dtype: int
  default: '1024'

#  Make one 'inputs' list entry per input and one 'outputs' list entry per output.
#  Keys include:
#      * label (an identifier for the GUI)
#      * domain (optional - stream or message. Default is stream)
#      * dtype (e.g. int, float, complex, byte, short, xxx_vector, ...)
#      * vlen (optional - data stream vector length. Default is 1)
#      * optional (optional - set to 1 for optional inputs. Default is 0)
inputs:
- label: in
  domain: stream
  dtype: float
  vlen: ${vlen}
  optional: 0
outputs:
- label: out
  domain: stream
  dtype: float
  vlen: ${vlen}
  

#  'file_format' specifies the version of the GRC yml format used in the file
#  and should usually not be changed.
file_format: 1
