id: radio_astro_ra_event_log
label: ra_event_log
category: '[radio_astro]'

templates:
  imports: from gnuradio import radio_astro
  make: radio_astro.ra_event_log(${logname}, ${note}, ${vlen}, ${bandwidth})
  callbacks:
    - set_logname(${logname})
    - set_note(${note})
    - set_vlen(${vlen})
    - set_sample_rate(${bandwidth})
#  Make one 'parameters' list entry for every parameter you want settable from the GUI.
#     Keys include:
#     * id (makes the value accessible as \$keyname, e.g. in the make entry)
#     * label (label shown in the GUI)
#     * dtype (e.g. int, float, complex, byte, short, xxx_vector, ...)
parameters:
- id: logname
  label: Log File Name
  dtype: string
- id: note
  label: Note
  dtype: string
  default: 'Event Detection'
- id: bandwidth
  label: Bandwidth (Hz)
  dtype: float
  default: "1.0"
- id: vlen
  label: Vec Length
  dtype: int
  default: 'fftsize'

#  Make one 'inputs' list entry per input and one 'outputs' list entry per output.
#  Keys include:
#      * label (an identifier for the GUI)
#      * domain (optional - stream or message. Default is stream)
#      * dtype (e.g. int, float, complex, byte, short, xxx_vector, ...)
#      * vlen (optional - data stream vector length. Default is 1)
#      * optional (optional - set to 1 for optional inputs. Default is 0)
inputs:
- label: in
  domain: stream
  dtype: complex
  vlen: ${vlen}



#  'file_format' specifies the version of the GRC yml format used in the file
#  and should usually not be changed.
file_format: 1
