id: radio_astro_detect
label: detect
category: '[radio_astro]'

templates:
  imports: import radio_astro
  make: radio_astro.detect(${vec_length}, ${dms}, ${f_obs}, ${bw}, ${t_int}, ${mode})
  callbacks:
    - set_dms(${dms})
    - set_vlen(${vec_length})
    - set_bw(${bw})
    - set_freq(${f_obs})
    - set_mode(${mode})
#  Make one 'parameters' list entry for every parameter you want settable from the GUI.
#     Keys include:
#     * id (makes the value accessible as \$keyname, e.g. in the make entry)
#     * label (label shown in the GUI)
#     * dtype (e.g. int, float, complex, byte, short, xxx_vector, ...)
parameters:
- id: vec_length
  label: vec_length
  dtype: int
- id: dms
  label: N Sigma
  dtype: float
- id: f_obs
  label: f_obs
  dtype: float
- id: bw
  label: bw (MHz)
  dtype: float
- id: t_int
  label: t_int
  dtype: float
- id: mode
  label: Mode
  dtype: int

#  Make one 'inputs' list entry per input and one 'outputs' list entry per output.
#  Keys include:
#      * label (an identifier for the GUI)
#      * domain (optional - stream or message. Default is stream)
#      * dtype (e.g. int, float, complex, byte, short, xxx_vector, ...)
#      * vlen (optional - data stream vector length. Default is 1)
#      * optional (optional - set to 1 for optional inputs. Default is 0)
inputs:
- label: in
  domain: stream
  dtype: complex
  vlen: ${vec_length}

outputs:
- label: out
  domain: stream
  dtype: complex
  vlen: ${vec_length}

#  'file_format' specifies the version of the GRC yml format used in the file
#  and should usually not be changed.
file_format: 1
